
Microsoft Visual Studio Solution File, Format Version 12.00
# Visual Studio Version 17
VisualStudioVersion = 17.2.32616.157
MinimumVisualStudioVersion = 10.0.40219.1
Project("{FAE04EC0-301F-11D3-BF4B-00C04F79EFBC}") = "DemoCQRS_MVC", "DemoCQRS_MVC\DemoCQRS_MVC.csproj", "{601C47DD-5DB4-4A43-A2C0-840D4EBF8E4E}"
EndProject
Global
	GlobalSection(SolutionConfigurationPlatforms) = preSolution
		Debug|Any CPU = Debug|Any CPU
		Release|Any CPU = Release|Any CPU
	EndGlobalSection
	GlobalSection(ProjectConfigurationPlatforms) = postSolution
		{601C47DD-5DB4-4A43-A2C0-840D4EBF8E4E}.Debug|Any CPU.ActiveCfg = Debug|Any CPU
		{601C47DD-5DB4-4A43-A2C0-840D4EBF8E4E}.Debug|Any CPU.Build.0 = Debug|Any CPU
		{601C47DD-5DB4-4A43-A2C0-840D4EBF8E4E}.Release|Any CPU.ActiveCfg = Release|Any CPU
		{601C47DD-5DB4-4A43-A2C0-840D4EBF8E4E}.Release|Any CPU.Build.0 = Release|Any CPU
	EndGlobalSection
	GlobalSection(SolutionProperties) = preSolution
		HideSolutionNode = FALSE
	EndGlobalSection
	GlobalSection(ExtensibilityGlobals) = postSolution
		SolutionGuid = {C77D1A8A-D209-48AD-B686-BF1CCAC0DA04}
	EndGlobalSection
EndGlobal
